
Microsoft Visual Studio Solution File, Format Version 12.00
# Visual Studio Version 17
VisualStudioVersion = 17.12.35707.178 d17.12
MinimumVisualStudioVersion = 10.0.40219.1
Project("{FAE04EC0-301F-11D3-BF4B-00C04F79EFBC}") = "ask_backend", "ask_backend\ask_backend.csproj", "{B4DA53E3-DB27-4C1B-B10D-1E7F271D13DD}"
EndProject
Project("{FAE04EC0-301F-11D3-BF4B-00C04F79EFBC}") = "ASK.Domain", "ASK.Domain\ASK.Domain.csproj", "{CE8C621A-E513-41DA-805B-8950BE8CCE2E}"
EndProject
Project("{FAE04EC0-301F-11D3-BF4B-00C04F79EFBC}") = "ASK.Application", "ASK.Application\ASK.Application.csproj", "{B37A3C4A-9589-4417-A371-319444C7E1F9}"
EndProject
Project("{FAE04EC0-301F-11D3-BF4B-00C04F79EFBC}") = "ASK.Infrastructure", "ASK.Infrastructure\ASK.Infrastructure.csproj", "{2B8976EF-0282-42C9-86AF-905387BC8D97}"
EndProject
Project("{FAE04EC0-301F-11D3-BF4B-00C04F79EFBC}") = "ASK.XmlImporter", "ASK.XmlImporter\ASK.XmlImporter.csproj", "{3451CD1C-50B9-48D3-8266-94A7F9CFD14A}"
EndProject
Global
	GlobalSection(SolutionConfigurationPlatforms) = preSolution
		Debug|Any CPU = Debug|Any CPU
		Release|Any CPU = Release|Any CPU
	EndGlobalSection
	GlobalSection(ProjectConfigurationPlatforms) = postSolution
		{B4DA53E3-DB27-4C1B-B10D-1E7F271D13DD}.Debug|Any CPU.ActiveCfg = Debug|Any CPU
		{B4DA53E3-DB27-4C1B-B10D-1E7F271D13DD}.Debug|Any CPU.Build.0 = Debug|Any CPU
		{B4DA53E3-DB27-4C1B-B10D-1E7F271D13DD}.Release|Any CPU.ActiveCfg = Release|Any CPU
		{B4DA53E3-DB27-4C1B-B10D-1E7F271D13DD}.Release|Any CPU.Build.0 = Release|Any CPU
		{CE8C621A-E513-41DA-805B-8950BE8CCE2E}.Debug|Any CPU.ActiveCfg = Debug|Any CPU
		{CE8C621A-E513-41DA-805B-8950BE8CCE2E}.Debug|Any CPU.Build.0 = Debug|Any CPU
		{CE8C621A-E513-41DA-805B-8950BE8CCE2E}.Release|Any CPU.ActiveCfg = Release|Any CPU
		{CE8C621A-E513-41DA-805B-8950BE8CCE2E}.Release|Any CPU.Build.0 = Release|Any CPU
		{B37A3C4A-9589-4417-A371-319444C7E1F9}.Debug|Any CPU.ActiveCfg = Debug|Any CPU
		{B37A3C4A-9589-4417-A371-319444C7E1F9}.Debug|Any CPU.Build.0 = Debug|Any CPU
		{B37A3C4A-9589-4417-A371-319444C7E1F9}.Release|Any CPU.ActiveCfg = Release|Any CPU
		{B37A3C4A-9589-4417-A371-319444C7E1F9}.Release|Any CPU.Build.0 = Release|Any CPU
		{2B8976EF-0282-42C9-86AF-905387BC8D97}.Debug|Any CPU.ActiveCfg = Debug|Any CPU
		{2B8976EF-0282-42C9-86AF-905387BC8D97}.Debug|Any CPU.Build.0 = Debug|Any CPU
		{2B8976EF-0282-42C9-86AF-905387BC8D97}.Release|Any CPU.ActiveCfg = Release|Any CPU
		{2B8976EF-0282-42C9-86AF-905387BC8D97}.Release|Any CPU.Build.0 = Release|Any CPU
		{3451CD1C-50B9-48D3-8266-94A7F9CFD14A}.Debug|Any CPU.ActiveCfg = Debug|Any CPU
		{3451CD1C-50B9-48D3-8266-94A7F9CFD14A}.Debug|Any CPU.Build.0 = Debug|Any CPU
		{3451CD1C-50B9-48D3-8266-94A7F9CFD14A}.Release|Any CPU.ActiveCfg = Release|Any CPU
		{3451CD1C-50B9-48D3-8266-94A7F9CFD14A}.Release|Any CPU.Build.0 = Release|Any CPU
	EndGlobalSection
	GlobalSection(SolutionProperties) = preSolution
		HideSolutionNode = FALSE
	EndGlobalSection
EndGlobal
